// !$*UTF8*$!
{
	archiveVersion = 1;
	classes = {
	};
	objectVersion = 50;
	objects = {

/* Begin PBXBuildFile section */
		7572A17424019DE100B499B2 /* AppDelegate.swift in Sources */ = {isa = PBXBuildFile; fileRef = 7572A17324019DE100B499B2 /* AppDelegate.swift */; };
		7572A17624019DE100B499B2 /* SceneDelegate.swift in Sources */ = {isa = PBXBuildFile; fileRef = 7572A17524019DE100B499B2 /* SceneDelegate.swift */; };
		7572A17824019DE100B499B2 /* ViewController.swift in Sources */ = {isa = PBXBuildFile; fileRef = 7572A17724019DE100B499B2 /* ViewController.swift */; };
		7572A17B24019DE100B499B2 /* Main.storyboard in Resources */ = {isa = PBXBuildFile; fileRef = 7572A17924019DE100B499B2 /* Main.storyboard */; };
		7572A17D24019DE800B499B2 /* Assets.xcassets in Resources */ = {isa = PBXBuildFile; fileRef = 7572A17C24019DE800B499B2 /* Assets.xcassets */; };
		7572A18024019DE800B499B2 /* LaunchScreen.storyboard in Resources */ = {isa = PBXBuildFile; fileRef = 7572A17E24019DE800B499B2 /* LaunchScreen.storyboard */; };
		7572A1882401A60000B499B2 /* CurrentWeather.swift in Sources */ = {isa = PBXBuildFile; fileRef = 7572A1872401A60000B499B2 /* CurrentWeather.swift */; };
		7572A18A2401A69700B499B2 /* WeatherIconManager.swift in Sources */ = {isa = PBXBuildFile; fileRef = 7572A1892401A69700B499B2 /* WeatherIconManager.swift */; };
		7572A18C2402EC2C00B499B2 /* APIManager.swift in Sources */ = {isa = PBXBuildFile; fileRef = 7572A18B2402EC2B00B499B2 /* APIManager.swift */; };
		7572A18E2402EFFF00B499B2 /* ErrorManager.swift in Sources */ = {isa = PBXBuildFile; fileRef = 7572A18D2402EFFF00B499B2 /* ErrorManager.swift */; };
		7572A19124057A1700B499B2 /* APIWeatherManager.swift in Sources */ = {isa = PBXBuildFile; fileRef = 7572A19024057A1700B499B2 /* APIWeatherManager.swift */; };
		7572A1932406F7A300B499B2 /* ParticlesView.swift in Sources */ = {isa = PBXBuildFile; fileRef = 7572A1922406F7A300B499B2 /* ParticlesView.swift */; };
		7572A1952406F81400B499B2 /* ParticalScene.sks in Resources */ = {isa = PBXBuildFile; fileRef = 7572A1942406F81300B499B2 /* ParticalScene.sks */; };
/* End PBXBuildFile section */

/* Begin PBXFileReference section */
		7572A17024019DE100B499B2 /* WeatherApp.app */ = {isa = PBXFileReference; explicitFileType = wrapper.application; includeInIndex = 0; path = WeatherApp.app; sourceTree = BUILT_PRODUCTS_DIR; };
		7572A17324019DE100B499B2 /* AppDelegate.swift */ = {isa = PBXFileReference; lastKnownFileType = sourcecode.swift; path = AppDelegate.swift; sourceTree = "<group>"; };
		7572A17524019DE100B499B2 /* SceneDelegate.swift */ = {isa = PBXFileReference; lastKnownFileType = sourcecode.swift; path = SceneDelegate.swift; sourceTree = "<group>"; };
		7572A17724019DE100B499B2 /* ViewController.swift */ = {isa = PBXFileReference; lastKnownFileType = sourcecode.swift; path = ViewController.swift; sourceTree = "<group>"; };
		7572A17A24019DE100B499B2 /* Base */ = {isa = PBXFileReference; lastKnownFileType = file.storyboard; name = Base; path = Base.lproj/Main.storyboard; sourceTree = "<group>"; };
		7572A17C24019DE800B499B2 /* Assets.xcassets */ = {isa = PBXFileReference; lastKnownFileType = folder.assetcatalog; path = Assets.xcassets; sourceTree = "<group>"; };
		7572A17F24019DE800B499B2 /* Base */ = {isa = PBXFileReference; lastKnownFileType = file.storyboard; name = Base; path = Base.lproj/LaunchScreen.storyboard; sourceTree = "<group>"; };
		7572A18124019DE800B499B2 /* Info.plist */ = {isa = PBXFileReference; lastKnownFileType = text.plist.xml; path = Info.plist; sourceTree = "<group>"; };
		7572A1872401A60000B499B2 /* CurrentWeather.swift */ = {isa = PBXFileReference; lastKnownFileType = sourcecode.swift; path = CurrentWeather.swift; sourceTree = "<group>"; };
		7572A1892401A69700B499B2 /* WeatherIconManager.swift */ = {isa = PBXFileReference; lastKnownFileType = sourcecode.swift; path = WeatherIconManager.swift; sourceTree = "<group>"; };
		7572A18B2402EC2B00B499B2 /* APIManager.swift */ = {isa = PBXFileReference; lastKnownFileType = sourcecode.swift; path = APIManager.swift; sourceTree = "<group>"; };
		7572A18D2402EFFF00B499B2 /* ErrorManager.swift */ = {isa = PBXFileReference; lastKnownFileType = sourcecode.swift; path = ErrorManager.swift; sourceTree = "<group>"; };
		7572A19024057A1700B499B2 /* APIWeatherManager.swift */ = {isa = PBXFileReference; lastKnownFileType = sourcecode.swift; path = APIWeatherManager.swift; sourceTree = "<group>"; };
		7572A1922406F7A300B499B2 /* ParticlesView.swift */ = {isa = PBXFileReference; lastKnownFileType = sourcecode.swift; path = ParticlesView.swift; sourceTree = "<group>"; };
		7572A1942406F81300B499B2 /* ParticalScene.sks */ = {isa = PBXFileReference; lastKnownFileType = file.sks; path = ParticalScene.sks; sourceTree = "<group>"; };
/* End PBXFileReference section */

/* Begin PBXFrameworksBuildPhase section */
		7572A16D24019DE100B499B2 /* Frameworks */ = {
			isa = PBXFrameworksBuildPhase;
			buildActionMask = 2147483647;
			files = (
			);
			runOnlyForDeploymentPostprocessing = 0;
		};
/* End PBXFrameworksBuildPhase section */

/* Begin PBXGroup section */
		7572A16724019DE100B499B2 = {
			isa = PBXGroup;
			children = (
				7572A17224019DE100B499B2 /* WeatherApp */,
				7572A17124019DE100B499B2 /* Products */,
			);
			sourceTree = "<group>";
		};
		7572A17124019DE100B499B2 /* Products */ = {
			isa = PBXGroup;
			children = (
				7572A17024019DE100B499B2 /* WeatherApp.app */,
			);
			name = Products;
			sourceTree = "<group>";
		};
		7572A17224019DE100B499B2 /* WeatherApp */ = {
			isa = PBXGroup;
			children = (
				7572A17324019DE100B499B2 /* AppDelegate.swift */,
				7572A17524019DE100B499B2 /* SceneDelegate.swift */,
				7572A17724019DE100B499B2 /* ViewController.swift */,
				7572A1922406F7A300B499B2 /* ParticlesView.swift */,
				7572A18B2402EC2B00B499B2 /* APIManager.swift */,
				7572A19024057A1700B499B2 /* APIWeatherManager.swift */,
				7572A18D2402EFFF00B499B2 /* ErrorManager.swift */,
				7572A18F2402F00E00B499B2 /* WeatherModel */,
				7572A17924019DE100B499B2 /* Main.storyboard */,
				7572A1942406F81300B499B2 /* ParticalScene.sks */,
				7572A17C24019DE800B499B2 /* Assets.xcassets */,
				7572A17E24019DE800B499B2 /* LaunchScreen.storyboard */,
				7572A18124019DE800B499B2 /* Info.plist */,
			);
			path = WeatherApp;
			sourceTree = "<group>";
		};
		7572A18F2402F00E00B499B2 /* WeatherModel */ = {
			isa = PBXGroup;
			children = (
				7572A1872401A60000B499B2 /* CurrentWeather.swift */,
				7572A1892401A69700B499B2 /* WeatherIconManager.swift */,
			);
			path = WeatherModel;
			sourceTree = "<group>";
		};
/* End PBXGroup section */

/* Begin PBXNativeTarget section */
		7572A16F24019DE100B499B2 /* WeatherApp */ = {
			isa = PBXNativeTarget;
			buildConfigurationList = 7572A18424019DE800B499B2 /* Build configuration list for PBXNativeTarget "WeatherApp" */;
			buildPhases = (
				7572A16C24019DE100B499B2 /* Sources */,
				7572A16D24019DE100B499B2 /* Frameworks */,
				7572A16E24019DE100B499B2 /* Resources */,
			);
			buildRules = (
			);
			dependencies = (
			);
			name = WeatherApp;
			productName = WeatherApp;
			productReference = 7572A17024019DE100B499B2 /* WeatherApp.app */;
			productType = "com.apple.product-type.application";
		};
/* End PBXNativeTarget section */

/* Begin PBXProject section */
		7572A16824019DE100B499B2 /* Project object */ = {
			isa = PBXProject;
			attributes = {
				LastSwiftUpdateCheck = 1130;
				LastUpgradeCheck = 1130;
				ORGANIZATIONNAME = "Artur Anissimov";
				TargetAttributes = {
					7572A16F24019DE100B499B2 = {
						CreatedOnToolsVersion = 11.3.1;
					};
				};
			};
			buildConfigurationList = 7572A16B24019DE100B499B2 /* Build configuration list for PBXProject "WeatherApp" */;
			compatibilityVersion = "Xcode 9.3";
			developmentRegion = en;
			hasScannedForEncodings = 0;
			knownRegions = (
				en,
				Base,
			);
			mainGroup = 7572A16724019DE100B499B2;
			productRefGroup = 7572A17124019DE100B499B2 /* Products */;
			projectDirPath = "";
			projectRoot = "";
			targets = (
				7572A16F24019DE100B499B2 /* WeatherApp */,
			);
		};
/* End PBXProject section */

/* Begin PBXResourcesBuildPhase section */
		7572A16E24019DE100B499B2 /* Resources */ = {
			isa = PBXResourcesBuildPhase;
			buildActionMask = 2147483647;
			files = (
				7572A18024019DE800B499B2 /* LaunchScreen.storyboard in Resources */,
				7572A17D24019DE800B499B2 /* Assets.xcassets in Resources */,
				7572A1952406F81400B499B2 /* ParticalScene.sks in Resources */,
				7572A17B24019DE100B499B2 /* Main.storyboard in Resources */,
			);
			runOnlyForDeploymentPostprocessing = 0;
		};
/* End PBXResourcesBuildPhase section */

/* Begin PBXSourcesBuildPhase section */
		7572A16C24019DE100B499B2 /* Sources */ = {
			isa = PBXSourcesBuildPhase;
			buildActionMask = 2147483647;
			files = (
				7572A18C2402EC2C00B499B2 /* APIManager.swift in Sources */,
				7572A17824019DE100B499B2 /* ViewController.swift in Sources */,
				7572A1932406F7A300B499B2 /* ParticlesView.swift in Sources */,
				7572A18E2402EFFF00B499B2 /* ErrorManager.swift in Sources */,
				7572A17424019DE100B499B2 /* AppDelegate.swift in Sources */,
				7572A18A2401A69700B499B2 /* WeatherIconManager.swift in Sources */,
				7572A1882401A60000B499B2 /* CurrentWeather.swift in Sources */,
				7572A17624019DE100B499B2 /* SceneDelegate.swift in Sources */,
				7572A19124057A1700B499B2 /* APIWeatherManager.swift in Sources */,
			);
			runOnlyForDeploymentPostprocessing = 0;
		};
/* End PBXSourcesBuildPhase section */

/* Begin PBXVariantGroup section */
		7572A17924019DE100B499B2 /* Main.storyboard */ = {
			isa = PBXVariantGroup;
			children = (
				7572A17A24019DE100B499B2 /* Base */,
			);
			name = Main.storyboard;
			sourceTree = "<group>";
		};
		7572A17E24019DE800B499B2 /* LaunchScreen.storyboard */ = {
			isa = PBXVariantGroup;
			children = (
				7572A17F24019DE800B499B2 /* Base */,
			);
			name = LaunchScreen.storyboard;
			sourceTree = "<group>";
		};
/* End PBXVariantGroup section */

/* Begin XCBuildConfiguration section */
		7572A18224019DE800B499B2 /* Debug */ = {
			isa = XCBuildConfiguration;
			buildSettings = {
				ALWAYS_SEARCH_USER_PATHS = NO;
				CLANG_ANALYZER_NONNULL = YES;
				CLANG_ANALYZER_NUMBER_OBJECT_CONVERSION = YES_AGGRESSIVE;
				CLANG_CXX_LANGUAGE_STANDARD = "gnu++14";
				CLANG_CXX_LIBRARY = "libc++";
				CLANG_ENABLE_MODULES = YES;
				CLANG_ENABLE_OBJC_ARC = YES;
				CLANG_ENABLE_OBJC_WEAK = YES;
				CLANG_WARN_BLOCK_CAPTURE_AUTORELEASING = YES;
				CLANG_WARN_BOOL_CONVERSION = YES;
				CLANG_WARN_COMMA = YES;
				CLANG_WARN_CONSTANT_CONVERSION = YES;
				CLANG_WARN_DEPRECATED_OBJC_IMPLEMENTATIONS = YES;
				CLANG_WARN_DIRECT_OBJC_ISA_USAGE = YES_ERROR;
				CLANG_WARN_DOCUMENTATION_COMMENTS = YES;
				CLANG_WARN_EMPTY_BODY = YES;
				CLANG_WARN_ENUM_CONVERSION = YES;
				CLANG_WARN_INFINITE_RECURSION = YES;
				CLANG_WARN_INT_CONVERSION = YES;
				CLANG_WARN_NON_LITERAL_NULL_CONVERSION = YES;
				CLANG_WARN_OBJC_IMPLICIT_RETAIN_SELF = YES;
				CLANG_WARN_OBJC_LITERAL_CONVERSION = YES;
				CLANG_WARN_OBJC_ROOT_CLASS = YES_ERROR;
				CLANG_WARN_RANGE_LOOP_ANALYSIS = YES;
				CLANG_WARN_STRICT_PROTOTYPES = YES;
				CLANG_WARN_SUSPICIOUS_MOVE = YES;
				CLANG_WARN_UNGUARDED_AVAILABILITY = YES_AGGRESSIVE;
				CLANG_WARN_UNREACHABLE_CODE = YES;
				CLANG_WARN__DUPLICATE_METHOD_MATCH = YES;
				COPY_PHASE_STRIP = NO;
				DEBUG_INFORMATION_FORMAT = dwarf;
				ENABLE_STRICT_OBJC_MSGSEND = YES;
				ENABLE_TESTABILITY = YES;
				GCC_C_LANGUAGE_STANDARD = gnu11;
				GCC_DYNAMIC_NO_PIC = NO;
				GCC_NO_COMMON_BLOCKS = YES;
				GCC_OPTIMIZATION_LEVEL = 0;
				GCC_PREPROCESSOR_DEFINITIONS = (
					"DEBUG=1",
					"$(inherited)",
				);
				GCC_WARN_64_TO_32_BIT_CONVERSION = YES;
				GCC_WARN_ABOUT_RETURN_TYPE = YES_ERROR;
				GCC_WARN_UNDECLARED_SELECTOR = YES;
				GCC_WARN_UNINITIALIZED_AUTOS = YES_AGGRESSIVE;
				GCC_WARN_UNUSED_FUNCTION = YES;
				GCC_WARN_UNUSED_VARIABLE = YES;
				IPHONEOS_DEPLOYMENT_TARGET = 13.2;
				MTL_ENABLE_DEBUG_INFO = INCLUDE_SOURCE;
				MTL_FAST_MATH = YES;
				ONLY_ACTIVE_ARCH = YES;
				SDKROOT = iphoneos;
				SWIFT_ACTIVE_COMPILATION_CONDITIONS = DEBUG;
				SWIFT_OPTIMIZATION_LEVEL = "-Onone";
			};
			name = Debug;
		};
		7572A18324019DE800B499B2 /* Release */ = {
			isa = XCBuildConfiguration;
			buildSettings = {
				ALWAYS_SEARCH_USER_PATHS = NO;
				CLANG_ANALYZER_NONNULL = YES;
				CLANG_ANALYZER_NUMBER_OBJECT_CONVERSION = YES_AGGRESSIVE;
				CLANG_CXX_LANGUAGE_STANDARD = "gnu++14";
				CLANG_CXX_LIBRARY = "libc++";
				CLANG_ENABLE_MODULES = YES;
				CLANG_ENABLE_OBJC_ARC = YES;
				CLANG_ENABLE_OBJC_WEAK = YES;
				CLANG_WARN_BLOCK_CAPTURE_AUTORELEASING = YES;
				CLANG_WARN_BOOL_CONVERSION = YES;
				CLANG_WARN_COMMA = YES;
				CLANG_WARN_CONSTANT_CONVERSION = YES;
				CLANG_WARN_DEPRECATED_OBJC_IMPLEMENTATIONS = YES;
				CLANG_WARN_DIRECT_OBJC_ISA_USAGE = YES_ERROR;
				CLANG_WARN_DOCUMENTATION_COMMENTS = YES;
				CLANG_WARN_EMPTY_BODY = YES;
				CLANG_WARN_ENUM_CONVERSION = YES;
				CLANG_WARN_INFINITE_RECURSION = YES;
				CLANG_WARN_INT_CONVERSION = YES;
				CLANG_WARN_NON_LITERAL_NULL_CONVERSION = YES;
				CLANG_WARN_OBJC_IMPLICIT_RETAIN_SELF = YES;
				CLANG_WARN_OBJC_LITERAL_CONVERSION = YES;
				CLANG_WARN_OBJC_ROOT_CLASS = YES_ERROR;
				CLANG_WARN_RANGE_LOOP_ANALYSIS = YES;
				CLANG_WARN_STRICT_PROTOTYPES = YES;
				CLANG_WARN_SUSPICIOUS_MOVE = YES;
				CLANG_WARN_UNGUARDED_AVAILABILITY = YES_AGGRESSIVE;
				CLANG_WARN_UNREACHABLE_CODE = YES;
				CLANG_WARN__DUPLICATE_METHOD_MATCH = YES;
				COPY_PHASE_STRIP = NO;
				DEBUG_INFORMATION_FORMAT = "dwarf-with-dsym";
				ENABLE_NS_ASSERTIONS = NO;
				ENABLE_STRICT_OBJC_MSGSEND = YES;
				GCC_C_LANGUAGE_STANDARD = gnu11;
				GCC_NO_COMMON_BLOCKS = YES;
				GCC_WARN_64_TO_32_BIT_CONVERSION = YES;
				GCC_WARN_ABOUT_RETURN_TYPE = YES_ERROR;
				GCC_WARN_UNDECLARED_SELECTOR = YES;
				GCC_WARN_UNINITIALIZED_AUTOS = YES_AGGRESSIVE;
				GCC_WARN_UNUSED_FUNCTION = YES;
				GCC_WARN_UNUSED_VARIABLE = YES;
				IPHONEOS_DEPLOYMENT_TARGET = 13.2;
				MTL_ENABLE_DEBUG_INFO = NO;
				MTL_FAST_MATH = YES;
				SDKROOT = iphoneos;
				SWIFT_COMPILATION_MODE = wholemodule;
				SWIFT_OPTIMIZATION_LEVEL = "-O";
				VALIDATE_PRODUCT = YES;
			};
			name = Release;
		};
		7572A18524019DE800B499B2 /* Debug */ = {
			isa = XCBuildConfiguration;
			buildSettings = {
				ASSETCATALOG_COMPILER_APPICON_NAME = AppIcon;
				CODE_SIGN_STYLE = Automatic;
				DEVELOPMENT_TEAM = Y28ANL9BKG;
				INFOPLIST_FILE = WeatherApp/Info.plist;
				LD_RUNPATH_SEARCH_PATHS = (
					"$(inherited)",
					"@executable_path/Frameworks",
				);
				PRODUCT_BUNDLE_IDENTIFIER = com.arturanissimov.WeatherApp;
				PRODUCT_NAME = "$(TARGET_NAME)";
				SWIFT_VERSION = 5.0;
				TARGETED_DEVICE_FAMILY = "1,2";
			};
			name = Debug;
		};
		7572A18624019DE800B499B2 /* Release */ = {
			isa = XCBuildConfiguration;
			buildSettings = {
				ASSETCATALOG_COMPILER_APPICON_NAME = AppIcon;
				CODE_SIGN_STYLE = Automatic;
				DEVELOPMENT_TEAM = Y28ANL9BKG;
				INFOPLIST_FILE = WeatherApp/Info.plist;
				LD_RUNPATH_SEARCH_PATHS = (
					"$(inherited)",
					"@executable_path/Frameworks",
				);
				PRODUCT_BUNDLE_IDENTIFIER = com.arturanissimov.WeatherApp;
				PRODUCT_NAME = "$(TARGET_NAME)";
				SWIFT_VERSION = 5.0;
				TARGETED_DEVICE_FAMILY = "1,2";
			};
			name = Release;
		};
/* End XCBuildConfiguration section */

/* Begin XCConfigurationList section */
		7572A16B24019DE100B499B2 /* Build configuration list for PBXProject "WeatherApp" */ = {
			isa = XCConfigurationList;
			buildConfigurations = (
				7572A18224019DE800B499B2 /* Debug */,
				7572A18324019DE800B499B2 /* Release */,
			);
			defaultConfigurationIsVisible = 0;
			defaultConfigurationName = Release;
		};
		7572A18424019DE800B499B2 /* Build configuration list for PBXNativeTarget "WeatherApp" */ = {
			isa = XCConfigurationList;
			buildConfigurations = (
				7572A18524019DE800B499B2 /* Debug */,
				7572A18624019DE800B499B2 /* Release */,
			);
			defaultConfigurationIsVisible = 0;
			defaultConfigurationName = Release;
		};
/* End XCConfigurationList section */
	};
	rootObject = 7572A16824019DE100B499B2 /* Project object */;
}
